hash: 9ad88d257f226f9e6986f2684384c6210d79f1b8d442b633b8ed6f976c78eea7
updated: 2017-11-02T13:15:40.2506532-07:00
imports:
- name: github.com/Azure/go-autorest
  version: 1afda22949fbf449a85ac9109c3ca96d08684220
  subpackages:
  - autorest
  - autorest/adal
  - autorest/azure
  - autorest/date
  - autorest/to
  - autorest/validation
- name: github.com/dgrijalva/jwt-go
  version: a539ee1a749a2b895533f979515ac7e6e0f5b650
- name: github.com/satori/go.uuid
  version: 879c5887cd475cd7864858769793b2ceb0d44feb
- name: github.com/shopspring/decimal
  version: 3c692774ac4c47c7a296ec96e553719dba1a68fc
testImports:
- name: gopkg.in/check.v1
  version: 20d25e2804050c1cd24a7eea1e7a6447dd0e74ec
