hash: d279c67c25c0ea7f660ca6269a702a384965ebd46baab7daf39726ab2155e6ba
updated: 2018-02-08T15:08:07.9263392-08:00
imports:
- name: github.com/Azure/go-autorest
  version: 5a06e9ddbe3c22262059b8e061777b9934f982bd
  subpackages:
  - autorest
  - autorest/adal
  - autorest/azure
  - autorest/date
  - autorest/to
  - autorest/validation
- name: github.com/dgrijalva/jwt-go
  version: a539ee1a749a2b895533f979515ac7e6e0f5b650
- name: github.com/satori/go.uuid
  version: f58768cc1a7a7e77a3bd49e98cdd21419399b6a3
- name: github.com/shopspring/decimal
  version: 3c692774ac4c47c7a296ec96e553719dba1a68fc
testImports:
- name: gopkg.in/check.v1
  version: 20d25e2804050c1cd24a7eea1e7a6447dd0e74ec
