hash: 516661b7307b13bb04c166910e8282ea4a7dfc07f3b51149bddc7f31824b1ecd
updated: 2017-10-20T15:31:38.0643256-07:00
imports:
- name: github.com/Azure/go-autorest
  version: 7aa5b8a6f18b5c15910c767ab005fc4585221177
  subpackages:
  - autorest
  - autorest/adal
  - autorest/azure
  - autorest/date
  - autorest/to
  - autorest/validation
- name: github.com/dgrijalva/jwt-go
  version: a539ee1a749a2b895533f979515ac7e6e0f5b650
- name: github.com/satori/go.uuid
  version: 879c5887cd475cd7864858769793b2ceb0d44feb
- name: github.com/shopspring/decimal
  version: 3c692774ac4c47c7a296ec96e553719dba1a68fc
testImports:
- name: gopkg.in/check.v1
  version: 20d25e2804050c1cd24a7eea1e7a6447dd0e74ec
