# This file is autogenerated, do not edit; changes may be undone by the next 'dep ensure'.


[[projects]]
  name = "github.com/Azure/go-autorest"
  packages = [".","autorest","autorest/adal","autorest/azure","autorest/date","autorest/to","autorest/validation","logger","tracing"]
  revision = "cbd6c47773f1a521faa3a39f3e9455620a751ae8"

[[projects]]
  name = "github.com/form3tech-oss/jwt-go"
  packages = ["."]
  revision = "9162a5abdbc046b7c8b03ee90052cee67e25caa7"
  version = "v3.2.2"

[[projects]]
  name = "github.com/kr/pretty"
  packages = ["."]
  revision = "ead452280cd055b2ae8a7f0db5eb37a878d902f7"
  version = "v0.2.1"

[[projects]]
  name = "github.com/kr/text"
  packages = ["."]
  revision = "702c74938df48b97370179f33ce2107bd7ff3b3e"
  version = "v0.2.0"

[[projects]]
  name = "github.com/satori/go.uuid"
  packages = ["."]
  revision = "f58768cc1a7a7e77a3bd49e98cdd21419399b6a3"
  version = "v1.2.0"

[[projects]]
  name = "github.com/shopspring/decimal"
  packages = ["."]
  revision = "2568a29459476f824f35433dfbef158d6ad8618c"
  version = "v1.2.0"

[[projects]]
  branch = "master"
  name = "golang.org/x/crypto"
  packages = ["pkcs12","pkcs12/internal/rc2"]
  revision = "9d1352758620574fd6fc23c31c59c4333b4b3fff"

[[projects]]
  branch = "v1"
  name = "gopkg.in/check.v1"
  packages = ["."]
  revision = "10cb98267c6cb43ea9cd6793f29ff4089c306974"

[solve-meta]
  analyzer-name = "dep"
  analyzer-version = 1
  inputs-digest = "6d15e3ca1d91f6685642461f8ce05563e14b691cea1e8326c5cda43c4de45642"
  solver-name = "gps-cdcl"
  solver-version = 1
